// !$*UTF8*$!
{
	archiveVersion = 1;
	classes = {
	};
	objectVersion = 52;
	objects = {

/* Begin PBXBuildFile section */
		24085BFB25CF5ABD00C6E0FF /* ExampleData.swift in Sources */ = {isa = PBXBuildFile; fileRef = 24085BFA25CF5ABD00C6E0FF /* ExampleData.swift */; };
		24085BFC25CF5ABD00C6E0FF /* ExampleData.swift in Sources */ = {isa = PBXBuildFile; fileRef = 24085BFA25CF5ABD00C6E0FF /* ExampleData.swift */; };
		24085C0125CF5BEE00C6E0FF /* WhatsNewConfiguration.plist in Resources */ = {isa = PBXBuildFile; fileRef = 24085C0025CF5BEE00C6E0FF /* WhatsNewConfiguration.plist */; };
		24085C0225CF5BEE00C6E0FF /* WhatsNewConfiguration.plist in Resources */ = {isa = PBXBuildFile; fileRef = 24085C0025CF5BEE00C6E0FF /* WhatsNewConfiguration.plist */; };
		242EDB0E25DB2EE3007F4545 /* WhatsNewViewExampleUITests.swift in Sources */ = {isa = PBXBuildFile; fileRef = 242EDB0D25DB2EE3007F4545 /* WhatsNewViewExampleUITests.swift */; };
		242EDB1925DB31D7007F4545 /* SnapshotHelper.swift in Sources */ = {isa = PBXBuildFile; fileRef = 242EDB1825DB31D7007F4545 /* SnapshotHelper.swift */; };
		243D556E25D048AA004C801E /* WhatsNewView in Frameworks */ = {isa = PBXBuildFile; productRef = 243D556D25D048AA004C801E /* WhatsNewView */; };
		243D557525D05002004C801E /* WhatsNewVersion.plist in Resources */ = {isa = PBXBuildFile; fileRef = 243D555F25D04333004C801E /* WhatsNewVersion.plist */; };
		243D557825D05002004C801E /* WhatsNewVersion.plist in Resources */ = {isa = PBXBuildFile; fileRef = 243D555F25D04333004C801E /* WhatsNewVersion.plist */; };
		24A1B8B225E155D30030E747 /* WhatsNewConfigurationExplanation.plist in Resources */ = {isa = PBXBuildFile; fileRef = 24A1B8AE25E155150030E747 /* WhatsNewConfigurationExplanation.plist */; };
		24A1B8B625E155D40030E747 /* WhatsNewConfigurationExplanation.plist in Resources */ = {isa = PBXBuildFile; fileRef = 24A1B8AE25E155150030E747 /* WhatsNewConfigurationExplanation.plist */; };
		24A1B8BE25E15E220030E747 /* WhatsNewVersionExplanation.plist in Resources */ = {isa = PBXBuildFile; fileRef = 24A1B8BA25E159DB0030E747 /* WhatsNewVersionExplanation.plist */; };
		24A1B8C225E15E230030E747 /* WhatsNewVersionExplanation.plist in Resources */ = {isa = PBXBuildFile; fileRef = 24A1B8BA25E159DB0030E747 /* WhatsNewVersionExplanation.plist */; };
		24B0B2F325CED5E6001775F4 /* WhatsNewViewExampleApp.swift in Sources */ = {isa = PBXBuildFile; fileRef = 24B0B2E025CED5E5001775F4 /* WhatsNewViewExampleApp.swift */; };
		24B0B2F425CED5E6001775F4 /* WhatsNewViewExampleApp.swift in Sources */ = {isa = PBXBuildFile; fileRef = 24B0B2E025CED5E5001775F4 /* WhatsNewViewExampleApp.swift */; };
		24B0B2F525CED5E6001775F4 /* ContentView.swift in Sources */ = {isa = PBXBuildFile; fileRef = 24B0B2E125CED5E5001775F4 /* ContentView.swift */; };
		24B0B2F725CED5E6001775F4 /* Assets.xcassets in Resources */ = {isa = PBXBuildFile; fileRef = 24B0B2E225CED5E6001775F4 /* Assets.xcassets */; };
		24B0B2F825CED5E6001775F4 /* Assets.xcassets in Resources */ = {isa = PBXBuildFile; fileRef = 24B0B2E225CED5E6001775F4 /* Assets.xcassets */; };
		24B0B30A25CED84D001775F4 /* WhatsNewView in Frameworks */ = {isa = PBXBuildFile; productRef = 24B0B30925CED84D001775F4 /* WhatsNewView */; };
		24B0B30F25CEDA21001775F4 /* ContentView.swift in Sources */ = {isa = PBXBuildFile; fileRef = 24B0B2E125CED5E5001775F4 /* ContentView.swift */; };
/* End PBXBuildFile section */

/* Begin PBXContainerItemProxy section */
		242EDB1025DB2EE3007F4545 /* PBXContainerItemProxy */ = {
			isa = PBXContainerItemProxy;
			containerPortal = 24B0B2DB25CED5E5001775F4 /* Project object */;
			proxyType = 1;
			remoteGlobalIDString = 24B0B2E625CED5E6001775F4;
			remoteInfo = "WhatsNewViewExample (iOS)";
		};
/* End PBXContainerItemProxy section */

/* Begin PBXCopyFilesBuildPhase section */
		24A1B89E25DF12A90030E747 /* Embed Watch Content */ = {
			isa = PBXCopyFilesBuildPhase;
			buildActionMask = 2147483647;
			dstPath = "$(CONTENTS_FOLDER_PATH)/Watch";
			dstSubfolderSpec = 16;
			files = (
			);
			name = "Embed Watch Content";
			runOnlyForDeploymentPostprocessing = 0;
		};
/* End PBXCopyFilesBuildPhase section */

/* Begin PBXFileReference section */
		24085BFA25CF5ABD00C6E0FF /* ExampleData.swift */ = {isa = PBXFileReference; lastKnownFileType = sourcecode.swift; path = ExampleData.swift; sourceTree = "<group>"; };
		24085C0025CF5BEE00C6E0FF /* WhatsNewConfiguration.plist */ = {isa = PBXFileReference; lastKnownFileType = text.plist.xml; path = WhatsNewConfiguration.plist; sourceTree = "<group>"; };
		242EDB0B25DB2EE3007F4545 /* WhatsNewViewExampleUITests.xctest */ = {isa = PBXFileReference; explicitFileType = wrapper.cfbundle; includeInIndex = 0; path = WhatsNewViewExampleUITests.xctest; sourceTree = BUILT_PRODUCTS_DIR; };
		242EDB0D25DB2EE3007F4545 /* WhatsNewViewExampleUITests.swift */ = {isa = PBXFileReference; lastKnownFileType = sourcecode.swift; path = WhatsNewViewExampleUITests.swift; sourceTree = "<group>"; };
		242EDB0F25DB2EE3007F4545 /* Info.plist */ = {isa = PBXFileReference; lastKnownFileType = text.plist.xml; path = Info.plist; sourceTree = "<group>"; };
		242EDB1825DB31D7007F4545 /* SnapshotHelper.swift */ = {isa = PBXFileReference; fileEncoding = 4; lastKnownFileType = sourcecode.swift; name = SnapshotHelper.swift; path = fastlane/SnapshotHelper.swift; sourceTree = SOURCE_ROOT; };
		243D555F25D04333004C801E /* WhatsNewVersion.plist */ = {isa = PBXFileReference; lastKnownFileType = text.plist.xml; path = WhatsNewVersion.plist; sourceTree = "<group>"; };
		24A1B8AE25E155150030E747 /* WhatsNewConfigurationExplanation.plist */ = {isa = PBXFileReference; lastKnownFileType = text.plist.xml; path = WhatsNewConfigurationExplanation.plist; sourceTree = "<group>"; };
		24A1B8BA25E159DB0030E747 /* WhatsNewVersionExplanation.plist */ = {isa = PBXFileReference; lastKnownFileType = text.plist.xml; path = WhatsNewVersionExplanation.plist; sourceTree = "<group>"; };
		24B0B2E025CED5E5001775F4 /* WhatsNewViewExampleApp.swift */ = {isa = PBXFileReference; lastKnownFileType = sourcecode.swift; path = WhatsNewViewExampleApp.swift; sourceTree = "<group>"; };
		24B0B2E125CED5E5001775F4 /* ContentView.swift */ = {isa = PBXFileReference; lastKnownFileType = sourcecode.swift; path = ContentView.swift; sourceTree = "<group>"; };
		24B0B2E225CED5E6001775F4 /* Assets.xcassets */ = {isa = PBXFileReference; lastKnownFileType = folder.assetcatalog; path = Assets.xcassets; sourceTree = "<group>"; };
		24B0B2E725CED5E6001775F4 /* WhatsNewViewExample.app */ = {isa = PBXFileReference; explicitFileType = wrapper.application; includeInIndex = 0; path = WhatsNewViewExample.app; sourceTree = BUILT_PRODUCTS_DIR; };
		24B0B2EA25CED5E6001775F4 /* Info.plist */ = {isa = PBXFileReference; lastKnownFileType = text.plist.xml; path = Info.plist; sourceTree = "<group>"; };
		24B0B2EF25CED5E6001775F4 /* WhatsNewViewExample.app */ = {isa = PBXFileReference; explicitFileType = wrapper.application; includeInIndex = 0; path = WhatsNewViewExample.app; sourceTree = BUILT_PRODUCTS_DIR; };
		24B0B2F125CED5E6001775F4 /* Info.plist */ = {isa = PBXFileReference; lastKnownFileType = text.plist.xml; path = Info.plist; sourceTree = "<group>"; };
		24B0B2F225CED5E6001775F4 /* macOS.entitlements */ = {isa = PBXFileReference; lastKnownFileType = text.plist.entitlements; path = macOS.entitlements; sourceTree = "<group>"; };
/* End PBXFileReference section */

/* Begin PBXFrameworksBuildPhase section */
		242EDB0825DB2EE3007F4545 /* Frameworks */ = {
			isa = PBXFrameworksBuildPhase;
			buildActionMask = 2147483647;
			files = (
			);
			runOnlyForDeploymentPostprocessing = 0;
		};
		24B0B2E425CED5E6001775F4 /* Frameworks */ = {
			isa = PBXFrameworksBuildPhase;
			buildActionMask = 2147483647;
			files = (
				24B0B30A25CED84D001775F4 /* WhatsNewView in Frameworks */,
			);
			runOnlyForDeploymentPostprocessing = 0;
		};
		24B0B2EC25CED5E6001775F4 /* Frameworks */ = {
			isa = PBXFrameworksBuildPhase;
			buildActionMask = 2147483647;
			files = (
				243D556E25D048AA004C801E /* WhatsNewView in Frameworks */,
			);
			runOnlyForDeploymentPostprocessing = 0;
		};
/* End PBXFrameworksBuildPhase section */

/* Begin PBXGroup section */
		24085BFF25CF5B9200C6E0FF /* Ressources */ = {
			isa = PBXGroup;
			children = (
				24B0B2E225CED5E6001775F4 /* Assets.xcassets */,
				243D555F25D04333004C801E /* WhatsNewVersion.plist */,
				24A1B8BA25E159DB0030E747 /* WhatsNewVersionExplanation.plist */,
				24085C0025CF5BEE00C6E0FF /* WhatsNewConfiguration.plist */,
				24A1B8AE25E155150030E747 /* WhatsNewConfigurationExplanation.plist */,
			);
			path = Ressources;
			sourceTree = "<group>";
		};
		242EDB0C25DB2EE3007F4545 /* WhatsNewViewExampleUITests */ = {
			isa = PBXGroup;
			children = (
				242EDB1825DB31D7007F4545 /* SnapshotHelper.swift */,
				242EDB0D25DB2EE3007F4545 /* WhatsNewViewExampleUITests.swift */,
				242EDB0F25DB2EE3007F4545 /* Info.plist */,
			);
			path = WhatsNewViewExampleUITests;
			sourceTree = "<group>";
		};
		243D556C25D048AA004C801E /* Frameworks */ = {
			isa = PBXGroup;
			children = (
			);
			name = Frameworks;
			sourceTree = "<group>";
		};
		24B0B2DA25CED5E5001775F4 = {
			isa = PBXGroup;
			children = (
				24B0B2DF25CED5E5001775F4 /* Shared */,
				24B0B2E925CED5E6001775F4 /* iOS */,
				24B0B2F025CED5E6001775F4 /* macOS */,
				242EDB0C25DB2EE3007F4545 /* WhatsNewViewExampleUITests */,
				24B0B2E825CED5E6001775F4 /* Products */,
				243D556C25D048AA004C801E /* Frameworks */,
			);
			sourceTree = "<group>";
		};
		24B0B2DF25CED5E5001775F4 /* Shared */ = {
			isa = PBXGroup;
			children = (
				24B0B2E025CED5E5001775F4 /* WhatsNewViewExampleApp.swift */,
				24B0B2E125CED5E5001775F4 /* ContentView.swift */,
				24085BFA25CF5ABD00C6E0FF /* ExampleData.swift */,
				24085BFF25CF5B9200C6E0FF /* Ressources */,
			);
			path = Shared;
			sourceTree = "<group>";
		};
		24B0B2E825CED5E6001775F4 /* Products */ = {
			isa = PBXGroup;
			children = (
				24B0B2E725CED5E6001775F4 /* WhatsNewViewExample.app */,
				24B0B2EF25CED5E6001775F4 /* WhatsNewViewExample.app */,
				242EDB0B25DB2EE3007F4545 /* WhatsNewViewExampleUITests.xctest */,
			);
			name = Products;
			sourceTree = "<group>";
		};
		24B0B2E925CED5E6001775F4 /* iOS */ = {
			isa = PBXGroup;
			children = (
				24B0B2EA25CED5E6001775F4 /* Info.plist */,
			);
			path = iOS;
			sourceTree = "<group>";
		};
		24B0B2F025CED5E6001775F4 /* macOS */ = {
			isa = PBXGroup;
			children = (
				24B0B2F125CED5E6001775F4 /* Info.plist */,
				24B0B2F225CED5E6001775F4 /* macOS.entitlements */,
			);
			path = macOS;
			sourceTree = "<group>";
		};
/* End PBXGroup section */

/* Begin PBXNativeTarget section */
		242EDB0A25DB2EE3007F4545 /* WhatsNewViewExampleUITests */ = {
			isa = PBXNativeTarget;
			buildConfigurationList = 242EDB1425DB2EE3007F4545 /* Build configuration list for PBXNativeTarget "WhatsNewViewExampleUITests" */;
			buildPhases = (
				242EDB0725DB2EE3007F4545 /* Sources */,
				242EDB0825DB2EE3007F4545 /* Frameworks */,
				242EDB0925DB2EE3007F4545 /* Resources */,
			);
			buildRules = (
			);
			dependencies = (
				242EDB1125DB2EE3007F4545 /* PBXTargetDependency */,
			);
			name = WhatsNewViewExampleUITests;
			productName = WhatsNewViewExampleUITests;
			productReference = 242EDB0B25DB2EE3007F4545 /* WhatsNewViewExampleUITests.xctest */;
			productType = "com.apple.product-type.bundle.ui-testing";
		};
		24B0B2E625CED5E6001775F4 /* WhatsNewViewExample (iOS) */ = {
			isa = PBXNativeTarget;
			buildConfigurationList = 24B0B2FB25CED5E6001775F4 /* Build configuration list for PBXNativeTarget "WhatsNewViewExample (iOS)" */;
			buildPhases = (
				240BEEB125D808F1003E81D8 /* SwiftLint */,
				24B0B2E325CED5E6001775F4 /* Sources */,
				24B0B2E425CED5E6001775F4 /* Frameworks */,
				24B0B2E525CED5E6001775F4 /* Resources */,
				24A1B89E25DF12A90030E747 /* Embed Watch Content */,
			);
			buildRules = (
			);
			dependencies = (
			);
			name = "WhatsNewViewExample (iOS)";
			packageProductDependencies = (
				24B0B30925CED84D001775F4 /* WhatsNewView */,
			);
			productName = "WhatsNewViewExample (iOS)";
			productReference = 24B0B2E725CED5E6001775F4 /* WhatsNewViewExample.app */;
			productType = "com.apple.product-type.application";
		};
		24B0B2EE25CED5E6001775F4 /* WhatsNewViewExample (macOS) */ = {
			isa = PBXNativeTarget;
			buildConfigurationList = 24B0B2FE25CED5E6001775F4 /* Build configuration list for PBXNativeTarget "WhatsNewViewExample (macOS)" */;
			buildPhases = (
				24B0B2EB25CED5E6001775F4 /* Sources */,
				24B0B2EC25CED5E6001775F4 /* Frameworks */,
				24B0B2ED25CED5E6001775F4 /* Resources */,
			);
			buildRules = (
			);
			dependencies = (
			);
			name = "WhatsNewViewExample (macOS)";
			packageProductDependencies = (
				243D556D25D048AA004C801E /* WhatsNewView */,
			);
			productName = "WhatsNewViewExample (macOS)";
			productReference = 24B0B2EF25CED5E6001775F4 /* WhatsNewViewExample.app */;
			productType = "com.apple.product-type.application";
		};
/* End PBXNativeTarget section */

/* Begin PBXProject section */
		24B0B2DB25CED5E5001775F4 /* Project object */ = {
			isa = PBXProject;
			attributes = {
				LastSwiftUpdateCheck = 1240;
				LastUpgradeCheck = 1240;
				TargetAttributes = {
					242EDB0A25DB2EE3007F4545 = {
						CreatedOnToolsVersion = 12.4;
						TestTargetID = 24B0B2E625CED5E6001775F4;
					};
					24B0B2E625CED5E6001775F4 = {
						CreatedOnToolsVersion = 12.4;
					};
					24B0B2EE25CED5E6001775F4 = {
						CreatedOnToolsVersion = 12.4;
					};
				};
			};
			buildConfigurationList = 24B0B2DE25CED5E5001775F4 /* Build configuration list for PBXProject "WhatsNewViewExample" */;
			compatibilityVersion = "Xcode 9.3";
			developmentRegion = en;
			hasScannedForEncodings = 0;
			knownRegions = (
				en,
				Base,
				ar,
			);
			mainGroup = 24B0B2DA25CED5E5001775F4;
			packageReferences = (
				24B0B30825CED84D001775F4 /* XCRemoteSwiftPackageReference "WhatsNewView" */,
			);
			productRefGroup = 24B0B2E825CED5E6001775F4 /* Products */;
			projectDirPath = "";
			projectRoot = "";
			targets = (
				24B0B2E625CED5E6001775F4 /* WhatsNewViewExample (iOS) */,
				24B0B2EE25CED5E6001775F4 /* WhatsNewViewExample (macOS) */,
				242EDB0A25DB2EE3007F4545 /* WhatsNewViewExampleUITests */,
			);
		};
/* End PBXProject section */

/* Begin PBXResourcesBuildPhase section */
		242EDB0925DB2EE3007F4545 /* Resources */ = {
			isa = PBXResourcesBuildPhase;
			buildActionMask = 2147483647;
			files = (
			);
			runOnlyForDeploymentPostprocessing = 0;
		};
		24B0B2E525CED5E6001775F4 /* Resources */ = {
			isa = PBXResourcesBuildPhase;
			buildActionMask = 2147483647;
			files = (
				24A1B8B225E155D30030E747 /* WhatsNewConfigurationExplanation.plist in Resources */,
				243D557525D05002004C801E /* WhatsNewVersion.plist in Resources */,
				24085C0125CF5BEE00C6E0FF /* WhatsNewConfiguration.plist in Resources */,
				24A1B8C225E15E230030E747 /* WhatsNewVersionExplanation.plist in Resources */,
				24B0B2F725CED5E6001775F4 /* Assets.xcassets in Resources */,
			);
			runOnlyForDeploymentPostprocessing = 0;
		};
		24B0B2ED25CED5E6001775F4 /* Resources */ = {
			isa = PBXResourcesBuildPhase;
			buildActionMask = 2147483647;
			files = (
				24A1B8B625E155D40030E747 /* WhatsNewConfigurationExplanation.plist in Resources */,
				243D557825D05002004C801E /* WhatsNewVersion.plist in Resources */,
				24085C0225CF5BEE00C6E0FF /* WhatsNewConfiguration.plist in Resources */,
				24A1B8BE25E15E220030E747 /* WhatsNewVersionExplanation.plist in Resources */,
				24B0B2F825CED5E6001775F4 /* Assets.xcassets in Resources */,
			);
			runOnlyForDeploymentPostprocessing = 0;
		};
/* End PBXResourcesBuildPhase section */

/* Begin PBXShellScriptBuildPhase section */
		240BEEB125D808F1003E81D8 /* SwiftLint */ = {
			isa = PBXShellScriptBuildPhase;
			buildActionMask = 2147483647;
			files = (
			);
			inputFileListPaths = (
			);
			inputPaths = (
			);
			name = SwiftLint;
			outputFileListPaths = (
			);
			outputPaths = (
			);
			runOnlyForDeploymentPostprocessing = 0;
			shellPath = /bin/sh;
			shellScript = "if which swiftlint >/dev/null; then\n  swiftlint\nelse\n  echo \"warning: SwiftLint not installed, download from https://github.com/realm/SwiftLint\"\nfi\n";
		};
/* End PBXShellScriptBuildPhase section */

/* Begin PBXSourcesBuildPhase section */
		242EDB0725DB2EE3007F4545 /* Sources */ = {
			isa = PBXSourcesBuildPhase;
			buildActionMask = 2147483647;
			files = (
				242EDB0E25DB2EE3007F4545 /* WhatsNewViewExampleUITests.swift in Sources */,
				242EDB1925DB31D7007F4545 /* SnapshotHelper.swift in Sources */,
			);
			runOnlyForDeploymentPostprocessing = 0;
		};
		24B0B2E325CED5E6001775F4 /* Sources */ = {
			isa = PBXSourcesBuildPhase;
			buildActionMask = 2147483647;
			files = (
				24B0B2F525CED5E6001775F4 /* ContentView.swift in Sources */,
				24B0B2F325CED5E6001775F4 /* WhatsNewViewExampleApp.swift in Sources */,
				24085BFB25CF5ABD00C6E0FF /* ExampleData.swift in Sources */,
			);
			runOnlyForDeploymentPostprocessing = 0;
		};
		24B0B2EB25CED5E6001775F4 /* Sources */ = {
			isa = PBXSourcesBuildPhase;
			buildActionMask = 2147483647;
			files = (
				24B0B30F25CEDA21001775F4 /* ContentView.swift in Sources */,
				24B0B2F425CED5E6001775F4 /* WhatsNewViewExampleApp.swift in Sources */,
				24085BFC25CF5ABD00C6E0FF /* ExampleData.swift in Sources */,
			);
			runOnlyForDeploymentPostprocessing = 0;
		};
/* End PBXSourcesBuildPhase section */

/* Begin PBXTargetDependency section */
		242EDB1125DB2EE3007F4545 /* PBXTargetDependency */ = {
			isa = PBXTargetDependency;
			target = 24B0B2E625CED5E6001775F4 /* WhatsNewViewExample (iOS) */;
			targetProxy = 242EDB1025DB2EE3007F4545 /* PBXContainerItemProxy */;
		};
/* End PBXTargetDependency section */

/* Begin XCBuildConfiguration section */
		242EDB1225DB2EE3007F4545 /* Debug */ = {
			isa = XCBuildConfiguration;
			buildSettings = {
				CODE_SIGN_STYLE = Automatic;
				DEVELOPMENT_TEAM = MY2P7PEUD8;
				INFOPLIST_FILE = WhatsNewViewExampleUITests/Info.plist;
				IPHONEOS_DEPLOYMENT_TARGET = 14.4;
				LD_RUNPATH_SEARCH_PATHS = (
					"$(inherited)",
					"@executable_path/Frameworks",
					"@loader_path/Frameworks",
				);
				PRODUCT_BUNDLE_IDENTIFIER = com.kevenbauke.WhatsNewViewExampleUITests;
				PRODUCT_NAME = "$(TARGET_NAME)";
				SDKROOT = iphoneos;
				SWIFT_VERSION = 5.0;
				TARGETED_DEVICE_FAMILY = "1,2";
				TEST_TARGET_NAME = "WhatsNewViewExample (iOS)";
			};
			name = Debug;
		};
		242EDB1325DB2EE3007F4545 /* Release */ = {
			isa = XCBuildConfiguration;
			buildSettings = {
				CODE_SIGN_STYLE = Automatic;
				DEVELOPMENT_TEAM = MY2P7PEUD8;
				INFOPLIST_FILE = WhatsNewViewExampleUITests/Info.plist;
				IPHONEOS_DEPLOYMENT_TARGET = 14.4;
				LD_RUNPATH_SEARCH_PATHS = (
					"$(inherited)",
					"@executable_path/Frameworks",
					"@loader_path/Frameworks",
				);
				PRODUCT_BUNDLE_IDENTIFIER = com.kevenbauke.WhatsNewViewExampleUITests;
				PRODUCT_NAME = "$(TARGET_NAME)";
				SDKROOT = iphoneos;
				SWIFT_VERSION = 5.0;
				TARGETED_DEVICE_FAMILY = "1,2";
				TEST_TARGET_NAME = "WhatsNewViewExample (iOS)";
				VALIDATE_PRODUCT = YES;
			};
			name = Release;
		};
		24B0B2F925CED5E6001775F4 /* Debug */ = {
			isa = XCBuildConfiguration;
			buildSettings = {
				ALWAYS_SEARCH_USER_PATHS = NO;
				CLANG_ANALYZER_NONNULL = YES;
				CLANG_ANALYZER_NUMBER_OBJECT_CONVERSION = YES_AGGRESSIVE;
				CLANG_CXX_LANGUAGE_STANDARD = "gnu++14";
				CLANG_CXX_LIBRARY = "libc++";
				CLANG_ENABLE_MODULES = YES;
				CLANG_ENABLE_OBJC_ARC = YES;
				CLANG_ENABLE_OBJC_WEAK = YES;
				CLANG_WARN_BLOCK_CAPTURE_AUTORELEASING = YES;
				CLANG_WARN_BOOL_CONVERSION = YES;
				CLANG_WARN_COMMA = YES;
				CLANG_WARN_CONSTANT_CONVERSION = YES;
				CLANG_WARN_DEPRECATED_OBJC_IMPLEMENTATIONS = YES;
				CLANG_WARN_DIRECT_OBJC_ISA_USAGE = YES_ERROR;
				CLANG_WARN_DOCUMENTATION_COMMENTS = YES;
				CLANG_WARN_EMPTY_BODY = YES;
				CLANG_WARN_ENUM_CONVERSION = YES;
				CLANG_WARN_INFINITE_RECURSION = YES;
				CLANG_WARN_INT_CONVERSION = YES;
				CLANG_WARN_NON_LITERAL_NULL_CONVERSION = YES;
				CLANG_WARN_OBJC_IMPLICIT_RETAIN_SELF = YES;
				CLANG_WARN_OBJC_LITERAL_CONVERSION = YES;
				CLANG_WARN_OBJC_ROOT_CLASS = YES_ERROR;
				CLANG_WARN_QUOTED_INCLUDE_IN_FRAMEWORK_HEADER = YES;
				CLANG_WARN_RANGE_LOOP_ANALYSIS = YES;
				CLANG_WARN_STRICT_PROTOTYPES = YES;
				CLANG_WARN_SUSPICIOUS_MOVE = YES;
				CLANG_WARN_UNGUARDED_AVAILABILITY = YES_AGGRESSIVE;
				CLANG_WARN_UNREACHABLE_CODE = YES;
				CLANG_WARN__DUPLICATE_METHOD_MATCH = YES;
				COPY_PHASE_STRIP = NO;
				DEBUG_INFORMATION_FORMAT = dwarf;
				ENABLE_STRICT_OBJC_MSGSEND = YES;
				ENABLE_TESTABILITY = YES;
				GCC_C_LANGUAGE_STANDARD = gnu11;
				GCC_DYNAMIC_NO_PIC = NO;
				GCC_NO_COMMON_BLOCKS = YES;
				GCC_OPTIMIZATION_LEVEL = 0;
				GCC_PREPROCESSOR_DEFINITIONS = (
					"DEBUG=1",
					"$(inherited)",
				);
				GCC_WARN_64_TO_32_BIT_CONVERSION = YES;
				GCC_WARN_ABOUT_RETURN_TYPE = YES_ERROR;
				GCC_WARN_UNDECLARED_SELECTOR = YES;
				GCC_WARN_UNINITIALIZED_AUTOS = YES_AGGRESSIVE;
				GCC_WARN_UNUSED_FUNCTION = YES;
				GCC_WARN_UNUSED_VARIABLE = YES;
				MTL_ENABLE_DEBUG_INFO = INCLUDE_SOURCE;
				MTL_FAST_MATH = YES;
				ONLY_ACTIVE_ARCH = YES;
				SWIFT_ACTIVE_COMPILATION_CONDITIONS = DEBUG;
				SWIFT_OPTIMIZATION_LEVEL = "-Onone";
			};
			name = Debug;
		};
		24B0B2FA25CED5E6001775F4 /* Release */ = {
			isa = XCBuildConfiguration;
			buildSettings = {
				ALWAYS_SEARCH_USER_PATHS = NO;
				CLANG_ANALYZER_NONNULL = YES;
				CLANG_ANALYZER_NUMBER_OBJECT_CONVERSION = YES_AGGRESSIVE;
				CLANG_CXX_LANGUAGE_STANDARD = "gnu++14";
				CLANG_CXX_LIBRARY = "libc++";
				CLANG_ENABLE_MODULES = YES;
				CLANG_ENABLE_OBJC_ARC = YES;
				CLANG_ENABLE_OBJC_WEAK = YES;
				CLANG_WARN_BLOCK_CAPTURE_AUTORELEASING = YES;
				CLANG_WARN_BOOL_CONVERSION = YES;
				CLANG_WARN_COMMA = YES;
				CLANG_WARN_CONSTANT_CONVERSION = YES;
				CLANG_WARN_DEPRECATED_OBJC_IMPLEMENTATIONS = YES;
				CLANG_WARN_DIRECT_OBJC_ISA_USAGE = YES_ERROR;
				CLANG_WARN_DOCUMENTATION_COMMENTS = YES;
				CLANG_WARN_EMPTY_BODY = YES;
				CLANG_WARN_ENUM_CONVERSION = YES;
				CLANG_WARN_INFINITE_RECURSION = YES;
				CLANG_WARN_INT_CONVERSION = YES;
				CLANG_WARN_NON_LITERAL_NULL_CONVERSION = YES;
				CLANG_WARN_OBJC_IMPLICIT_RETAIN_SELF = YES;
				CLANG_WARN_OBJC_LITERAL_CONVERSION = YES;
				CLANG_WARN_OBJC_ROOT_CLASS = YES_ERROR;
				CLANG_WARN_QUOTED_INCLUDE_IN_FRAMEWORK_HEADER = YES;
				CLANG_WARN_RANGE_LOOP_ANALYSIS = YES;
				CLANG_WARN_STRICT_PROTOTYPES = YES;
				CLANG_WARN_SUSPICIOUS_MOVE = YES;
				CLANG_WARN_UNGUARDED_AVAILABILITY = YES_AGGRESSIVE;
				CLANG_WARN_UNREACHABLE_CODE = YES;
				CLANG_WARN__DUPLICATE_METHOD_MATCH = YES;
				COPY_PHASE_STRIP = NO;
				DEBUG_INFORMATION_FORMAT = "dwarf-with-dsym";
				ENABLE_NS_ASSERTIONS = NO;
				ENABLE_STRICT_OBJC_MSGSEND = YES;
				GCC_C_LANGUAGE_STANDARD = gnu11;
				GCC_NO_COMMON_BLOCKS = YES;
				GCC_WARN_64_TO_32_BIT_CONVERSION = YES;
				GCC_WARN_ABOUT_RETURN_TYPE = YES_ERROR;
				GCC_WARN_UNDECLARED_SELECTOR = YES;
				GCC_WARN_UNINITIALIZED_AUTOS = YES_AGGRESSIVE;
				GCC_WARN_UNUSED_FUNCTION = YES;
				GCC_WARN_UNUSED_VARIABLE = YES;
				MTL_ENABLE_DEBUG_INFO = NO;
				MTL_FAST_MATH = YES;
				SWIFT_COMPILATION_MODE = wholemodule;
				SWIFT_OPTIMIZATION_LEVEL = "-O";
			};
			name = Release;
		};
		24B0B2FC25CED5E6001775F4 /* Debug */ = {
			isa = XCBuildConfiguration;
			buildSettings = {
				ASSETCATALOG_COMPILER_APPICON_NAME = AppIcon;
				ASSETCATALOG_COMPILER_GLOBAL_ACCENT_COLOR_NAME = AccentColor;
				CODE_SIGN_STYLE = Automatic;
				DEVELOPMENT_TEAM = MY2P7PEUD8;
				ENABLE_PREVIEWS = YES;
				INFOPLIST_FILE = iOS/Info.plist;
				IPHONEOS_DEPLOYMENT_TARGET = 14.0;
				LD_RUNPATH_SEARCH_PATHS = (
					"$(inherited)",
					"@executable_path/Frameworks",
				);
				MARKETING_VERSION = 1.1.1;
				PRODUCT_BUNDLE_IDENTIFIER = com.kevenbauke.WhatsNewViewExample;
				PRODUCT_NAME = WhatsNewViewExample;
				SDKROOT = iphoneos;
				SWIFT_VERSION = 5.0;
				TARGETED_DEVICE_FAMILY = "1,2";
			};
			name = Debug;
		};
		24B0B2FD25CED5E6001775F4 /* Release */ = {
			isa = XCBuildConfiguration;
			buildSettings = {
				ASSETCATALOG_COMPILER_APPICON_NAME = AppIcon;
				ASSETCATALOG_COMPILER_GLOBAL_ACCENT_COLOR_NAME = AccentColor;
				CODE_SIGN_STYLE = Automatic;
				DEVELOPMENT_TEAM = MY2P7PEUD8;
				ENABLE_PREVIEWS = YES;
				INFOPLIST_FILE = iOS/Info.plist;
				IPHONEOS_DEPLOYMENT_TARGET = 14.0;
				LD_RUNPATH_SEARCH_PATHS = (
					"$(inherited)",
					"@executable_path/Frameworks",
				);
				MARKETING_VERSION = 1.1.1;
				PRODUCT_BUNDLE_IDENTIFIER = com.kevenbauke.WhatsNewViewExample;
				PRODUCT_NAME = WhatsNewViewExample;
				SDKROOT = iphoneos;
				SWIFT_VERSION = 5.0;
				TARGETED_DEVICE_FAMILY = "1,2";
				VALIDATE_PRODUCT = YES;
			};
			name = Release;
		};
		24B0B2FF25CED5E6001775F4 /* Debug */ = {
			isa = XCBuildConfiguration;
			buildSettings = {
				ASSETCATALOG_COMPILER_APPICON_NAME = AppIcon;
				ASSETCATALOG_COMPILER_GLOBAL_ACCENT_COLOR_NAME = AccentColor;
				CODE_SIGN_ENTITLEMENTS = macOS/macOS.entitlements;
				CODE_SIGN_STYLE = Automatic;
				COMBINE_HIDPI_IMAGES = YES;
				DEVELOPMENT_TEAM = MY2P7PEUD8;
				ENABLE_HARDENED_RUNTIME = YES;
				ENABLE_PREVIEWS = YES;
				INFOPLIST_FILE = macOS/Info.plist;
				LD_RUNPATH_SEARCH_PATHS = (
					"$(inherited)",
					"@executable_path/../Frameworks",
				);
				MACOSX_DEPLOYMENT_TARGET = 11.0;
				MARKETING_VERSION = 1.1.1;
				PRODUCT_BUNDLE_IDENTIFIER = com.kevenbauke.WhatsNewViewExample;
				PRODUCT_NAME = WhatsNewViewExample;
				SDKROOT = macosx;
				SWIFT_VERSION = 5.0;
			};
			name = Debug;
		};
		24B0B30025CED5E6001775F4 /* Release */ = {
			isa = XCBuildConfiguration;
			buildSettings = {
				ASSETCATALOG_COMPILER_APPICON_NAME = AppIcon;
				ASSETCATALOG_COMPILER_GLOBAL_ACCENT_COLOR_NAME = AccentColor;
				CODE_SIGN_ENTITLEMENTS = macOS/macOS.entitlements;
				CODE_SIGN_STYLE = Automatic;
				COMBINE_HIDPI_IMAGES = YES;
				DEVELOPMENT_TEAM = MY2P7PEUD8;
				ENABLE_HARDENED_RUNTIME = YES;
				ENABLE_PREVIEWS = YES;
				INFOPLIST_FILE = macOS/Info.plist;
				LD_RUNPATH_SEARCH_PATHS = (
					"$(inherited)",
					"@executable_path/../Frameworks",
				);
				MACOSX_DEPLOYMENT_TARGET = 11.0;
				MARKETING_VERSION = 1.1.1;
				PRODUCT_BUNDLE_IDENTIFIER = com.kevenbauke.WhatsNewViewExample;
				PRODUCT_NAME = WhatsNewViewExample;
				SDKROOT = macosx;
				SWIFT_VERSION = 5.0;
			};
			name = Release;
		};
/* End XCBuildConfiguration section */

/* Begin XCConfigurationList section */
		242EDB1425DB2EE3007F4545 /* Build configuration list for PBXNativeTarget "WhatsNewViewExampleUITests" */ = {
			isa = XCConfigurationList;
			buildConfigurations = (
				242EDB1225DB2EE3007F4545 /* Debug */,
				242EDB1325DB2EE3007F4545 /* Release */,
			);
			defaultConfigurationIsVisible = 0;
			defaultConfigurationName = Release;
		};
		24B0B2DE25CED5E5001775F4 /* Build configuration list for PBXProject "WhatsNewViewExample" */ = {
			isa = XCConfigurationList;
			buildConfigurations = (
				24B0B2F925CED5E6001775F4 /* Debug */,
				24B0B2FA25CED5E6001775F4 /* Release */,
			);
			defaultConfigurationIsVisible = 0;
			defaultConfigurationName = Release;
		};
		24B0B2FB25CED5E6001775F4 /* Build configuration list for PBXNativeTarget "WhatsNewViewExample (iOS)" */ = {
			isa = XCConfigurationList;
			buildConfigurations = (
				24B0B2FC25CED5E6001775F4 /* Debug */,
				24B0B2FD25CED5E6001775F4 /* Release */,
			);
			defaultConfigurationIsVisible = 0;
			defaultConfigurationName = Release;
		};
		24B0B2FE25CED5E6001775F4 /* Build configuration list for PBXNativeTarget "WhatsNewViewExample (macOS)" */ = {
			isa = XCConfigurationList;
			buildConfigurations = (
				24B0B2FF25CED5E6001775F4 /* Debug */,
				24B0B30025CED5E6001775F4 /* Release */,
			);
			defaultConfigurationIsVisible = 0;
			defaultConfigurationName = Release;
		};
/* End XCConfigurationList section */

/* Begin XCRemoteSwiftPackageReference section */
		24B0B30825CED84D001775F4 /* XCRemoteSwiftPackageReference "WhatsNewView" */ = {
			isa = XCRemoteSwiftPackageReference;
			repositoryURL = "file:///Users/kevenbauke/Desktop/Dev/WhatsNewView";
			requirement = {
				branch = main;
				kind = branch;
			};
		};
/* End XCRemoteSwiftPackageReference section */

/* Begin XCSwiftPackageProductDependency section */
		243D556D25D048AA004C801E /* WhatsNewView */ = {
			isa = XCSwiftPackageProductDependency;
			package = 24B0B30825CED84D001775F4 /* XCRemoteSwiftPackageReference "WhatsNewView" */;
			productName = WhatsNewView;
		};
		24B0B30925CED84D001775F4 /* WhatsNewView */ = {
			isa = XCSwiftPackageProductDependency;
			package = 24B0B30825CED84D001775F4 /* XCRemoteSwiftPackageReference "WhatsNewView" */;
			productName = WhatsNewView;
		};
/* End XCSwiftPackageProductDependency section */
	};
	rootObject = 24B0B2DB25CED5E5001775F4 /* Project object */;
}
