{
  "object": {
    "pins": [
      {
        "package": "WhatsNewView",
        "repositoryURL": "/Users/kevenbauke/Desktop/Dev/WhatsNewView",
        "state": {
          "branch": "main",
          "revision": "624e12bedec118cfe230fb45913575d9df8f0d30",
          "version": null
        }
      }
    ]
  },
  "version": 1
}
