{
  "object": {
    "pins": [
      {
        "package": "WhatsNewView",
        "repositoryURL": "/Users/kevenbauke/Desktop/Dev/WhatsNewView",
        "state": {
          "branch": "main",
          "revision": "476b91d9af27c124017f0d60cd3e5a5c120a08fa",
          "version": null
        }
      }
    ]
  },
  "version": 1
}
