{
  "object": {
    "pins": [
      {
        "package": "WhatsNewView",
        "repositoryURL": "/Users/kevenbauke/Desktop/Dev/WhatsNewView",
        "state": {
          "branch": "main",
          "revision": "f20a475d57562b221791b076b0e9a4085f6392d3",
          "version": null
        }
      }
    ]
  },
  "version": 1
}
